
Microsoft Visual Studio Solution File, Format Version 12.00
# Visual Studio Version 17
VisualStudioVersion = 17.0.32014.148
MinimumVisualStudioVersion = 10.0.40219.1
Project("{FAE04EC0-301F-11D3-BF4B-00C04F79EFBC}") = "LibraryManagmentSystem", "LibraryManagmentSystem.csproj", "{4E0D6BFB-5179-4B67-93BB-48B0DC246742}"
EndProject
Project("{FAE04EC0-301F-11D3-BF4B-00C04F79EFBC}") = "Tutorial", "..\..\Sololearn\Tutorial\Tutorial\Tutorial.csproj", "{4808D98C-4C29-4509-9D53-FE195FF70578}"
EndProject
Project("{FAE04EC0-301F-11D3-BF4B-00C04F79EFBC}") = "Assignment4", "..\Assignment\Assignment4\Assignment4.csproj", "{F1598E84-D4F3-4A07-907D-C19D8EDCA0A5}"
EndProject
Global
	GlobalSection(SolutionConfigurationPlatforms) = preSolution
		Debug|Any CPU = Debug|Any CPU
		Release|Any CPU = Release|Any CPU
	EndGlobalSection
	GlobalSection(ProjectConfigurationPlatforms) = postSolution
		{4E0D6BFB-5179-4B67-93BB-48B0DC246742}.Debug|Any CPU.ActiveCfg = Debug|Any CPU
		{4E0D6BFB-5179-4B67-93BB-48B0DC246742}.Debug|Any CPU.Build.0 = Debug|Any CPU
		{4E0D6BFB-5179-4B67-93BB-48B0DC246742}.Release|Any CPU.ActiveCfg = Release|Any CPU
		{4E0D6BFB-5179-4B67-93BB-48B0DC246742}.Release|Any CPU.Build.0 = Release|Any CPU
		{4808D98C-4C29-4509-9D53-FE195FF70578}.Debug|Any CPU.ActiveCfg = Debug|Any CPU
		{4808D98C-4C29-4509-9D53-FE195FF70578}.Debug|Any CPU.Build.0 = Debug|Any CPU
		{4808D98C-4C29-4509-9D53-FE195FF70578}.Release|Any CPU.ActiveCfg = Release|Any CPU
		{4808D98C-4C29-4509-9D53-FE195FF70578}.Release|Any CPU.Build.0 = Release|Any CPU
		{F1598E84-D4F3-4A07-907D-C19D8EDCA0A5}.Debug|Any CPU.ActiveCfg = Debug|Any CPU
		{F1598E84-D4F3-4A07-907D-C19D8EDCA0A5}.Debug|Any CPU.Build.0 = Debug|Any CPU
		{F1598E84-D4F3-4A07-907D-C19D8EDCA0A5}.Release|Any CPU.ActiveCfg = Release|Any CPU
		{F1598E84-D4F3-4A07-907D-C19D8EDCA0A5}.Release|Any CPU.Build.0 = Release|Any CPU
	EndGlobalSection
	GlobalSection(SolutionProperties) = preSolution
		HideSolutionNode = FALSE
	EndGlobalSection
	GlobalSection(ExtensibilityGlobals) = postSolution
		SolutionGuid = {CAD17DFA-640D-42EE-8AE0-60D7F64347A4}
	EndGlobalSection
EndGlobal
