
Microsoft Visual Studio Solution File, Format Version 12.00
# Visual Studio Version 16
VisualStudioVersion = 16.0.31829.152
MinimumVisualStudioVersion = 10.0.40219.1
Project("{FAE04EC0-301F-11D3-BF4B-00C04F79EFBC}") = "HelloWrold", "HelloWrold\HelloWrold.csproj", "{4C81359E-16F6-4936-BE95-088CD5841318}"
EndProject
Global
	GlobalSection(SolutionConfigurationPlatforms) = preSolution
		Debug|Any CPU = Debug|Any CPU
		Release|Any CPU = Release|Any CPU
	EndGlobalSection
	GlobalSection(ProjectConfigurationPlatforms) = postSolution
		{4C81359E-16F6-4936-BE95-088CD5841318}.Debug|Any CPU.ActiveCfg = Debug|Any CPU
		{4C81359E-16F6-4936-BE95-088CD5841318}.Debug|Any CPU.Build.0 = Debug|Any CPU
		{4C81359E-16F6-4936-BE95-088CD5841318}.Release|Any CPU.ActiveCfg = Release|Any CPU
		{4C81359E-16F6-4936-BE95-088CD5841318}.Release|Any CPU.Build.0 = Release|Any CPU
	EndGlobalSection
	GlobalSection(SolutionProperties) = preSolution
		HideSolutionNode = FALSE
	EndGlobalSection
	GlobalSection(ExtensibilityGlobals) = postSolution
		SolutionGuid = {A18335CB-A90A-471C-927A-34810E07821D}
	EndGlobalSection
EndGlobal
